// !$*UTF8*$!
{
	archiveVersion = 1;
	classes = {
	};
	objectVersion = 55;
	objects = {

/* Begin PBXBuildFile section */
		B94685EC272BF91B00A74DA9 /* DelegationViewController.swift in Sources */ = {isa = PBXBuildFile; fileRef = B94685EB272BF91B00A74DA9 /* DelegationViewController.swift */; };
		B94685EE272BF96E00A74DA9 /* DelegationView.swift in Sources */ = {isa = PBXBuildFile; fileRef = B94685ED272BF96E00A74DA9 /* DelegationView.swift */; };
		B94685F0272BF9A300A74DA9 /* DelegationViewPresenter.swift in Sources */ = {isa = PBXBuildFile; fileRef = B94685EF272BF9A300A74DA9 /* DelegationViewPresenter.swift */; };
		B9899F5F2727EBED00029863 /* AppDelegate.swift in Sources */ = {isa = PBXBuildFile; fileRef = B9899F5E2727EBED00029863 /* AppDelegate.swift */; };
		B9899F612727EBED00029863 /* SceneDelegate.swift in Sources */ = {isa = PBXBuildFile; fileRef = B9899F602727EBED00029863 /* SceneDelegate.swift */; };
		B9899F632727EBED00029863 /* MainViewController.swift in Sources */ = {isa = PBXBuildFile; fileRef = B9899F622727EBED00029863 /* MainViewController.swift */; };
		B9899F682727EBF000029863 /* Assets.xcassets in Resources */ = {isa = PBXBuildFile; fileRef = B9899F672727EBF000029863 /* Assets.xcassets */; };
		B9899F6B2727EBF000029863 /* LaunchScreen.storyboard in Resources */ = {isa = PBXBuildFile; fileRef = B9899F692727EBF000029863 /* LaunchScreen.storyboard */; };
		B9899F732727EDAD00029863 /* MainView.swift in Sources */ = {isa = PBXBuildFile; fileRef = B9899F722727EDAD00029863 /* MainView.swift */; };
		B9899F752727F75500029863 /* Extensions+UIView.swift in Sources */ = {isa = PBXBuildFile; fileRef = B9899F742727F75500029863 /* Extensions+UIView.swift */; };
		B9A6B1FB273297C9002E8ADB /* countries.json in Resources */ = {isa = PBXBuildFile; fileRef = B9A6B1FA273297C9002E8ADB /* countries.json */; };
		B9A6B1FE27329996002E8ADB /* MockMapOperation.swift in Sources */ = {isa = PBXBuildFile; fileRef = B9A6B1FD27329996002E8ADB /* MockMapOperation.swift */; };
		B9A6B200273299E3002E8ADB /* CountriesStore.swift in Sources */ = {isa = PBXBuildFile; fileRef = B9A6B1FF273299E3002E8ADB /* CountriesStore.swift */; };
		B9A6B20327329A05002E8ADB /* Country.swift in Sources */ = {isa = PBXBuildFile; fileRef = B9A6B20227329A05002E8ADB /* Country.swift */; };
		B9AC58282728291C0058C026 /* ViewPresenter.swift in Sources */ = {isa = PBXBuildFile; fileRef = B9AC58272728291C0058C026 /* ViewPresenter.swift */; };
		B9BCD24F27313603005E8B8E /* CustomTextField.swift in Sources */ = {isa = PBXBuildFile; fileRef = B9BCD24E27313603005E8B8E /* CustomTextField.swift */; };
/* End PBXBuildFile section */

/* Begin PBXFileReference section */
		B94685EB272BF91B00A74DA9 /* DelegationViewController.swift */ = {isa = PBXFileReference; lastKnownFileType = sourcecode.swift; path = DelegationViewController.swift; sourceTree = "<group>"; };
		B94685ED272BF96E00A74DA9 /* DelegationView.swift */ = {isa = PBXFileReference; lastKnownFileType = sourcecode.swift; path = DelegationView.swift; sourceTree = "<group>"; };
		B94685EF272BF9A300A74DA9 /* DelegationViewPresenter.swift */ = {isa = PBXFileReference; lastKnownFileType = sourcecode.swift; path = DelegationViewPresenter.swift; sourceTree = "<group>"; };
		B9899F5B2727EBED00029863 /* MVPByCode.app */ = {isa = PBXFileReference; explicitFileType = wrapper.application; includeInIndex = 0; path = MVPByCode.app; sourceTree = BUILT_PRODUCTS_DIR; };
		B9899F5E2727EBED00029863 /* AppDelegate.swift */ = {isa = PBXFileReference; lastKnownFileType = sourcecode.swift; path = AppDelegate.swift; sourceTree = "<group>"; };
		B9899F602727EBED00029863 /* SceneDelegate.swift */ = {isa = PBXFileReference; lastKnownFileType = sourcecode.swift; path = SceneDelegate.swift; sourceTree = "<group>"; };
		B9899F622727EBED00029863 /* MainViewController.swift */ = {isa = PBXFileReference; lastKnownFileType = sourcecode.swift; path = MainViewController.swift; sourceTree = "<group>"; };
		B9899F672727EBF000029863 /* Assets.xcassets */ = {isa = PBXFileReference; lastKnownFileType = folder.assetcatalog; path = Assets.xcassets; sourceTree = "<group>"; };
		B9899F6A2727EBF000029863 /* Base */ = {isa = PBXFileReference; lastKnownFileType = file.storyboard; name = Base; path = Base.lproj/LaunchScreen.storyboard; sourceTree = "<group>"; };
		B9899F6C2727EBF000029863 /* Info.plist */ = {isa = PBXFileReference; lastKnownFileType = text.plist.xml; path = Info.plist; sourceTree = "<group>"; };
		B9899F722727EDAD00029863 /* MainView.swift */ = {isa = PBXFileReference; lastKnownFileType = sourcecode.swift; path = MainView.swift; sourceTree = "<group>"; };
		B9899F742727F75500029863 /* Extensions+UIView.swift */ = {isa = PBXFileReference; lastKnownFileType = sourcecode.swift; path = "Extensions+UIView.swift"; sourceTree = "<group>"; };
		B9A6B1FA273297C9002E8ADB /* countries.json */ = {isa = PBXFileReference; fileEncoding = 4; lastKnownFileType = text.json; path = countries.json; sourceTree = "<group>"; };
		B9A6B1FD27329996002E8ADB /* MockMapOperation.swift */ = {isa = PBXFileReference; lastKnownFileType = sourcecode.swift; path = MockMapOperation.swift; sourceTree = "<group>"; };
		B9A6B1FF273299E3002E8ADB /* CountriesStore.swift */ = {isa = PBXFileReference; lastKnownFileType = sourcecode.swift; path = CountriesStore.swift; sourceTree = "<group>"; };
		B9A6B20227329A05002E8ADB /* Country.swift */ = {isa = PBXFileReference; lastKnownFileType = sourcecode.swift; path = Country.swift; sourceTree = "<group>"; };
		B9AC58272728291C0058C026 /* ViewPresenter.swift */ = {isa = PBXFileReference; lastKnownFileType = sourcecode.swift; path = ViewPresenter.swift; sourceTree = "<group>"; };
		B9BCD24E27313603005E8B8E /* CustomTextField.swift */ = {isa = PBXFileReference; lastKnownFileType = sourcecode.swift; path = CustomTextField.swift; sourceTree = "<group>"; };
/* End PBXFileReference section */

/* Begin PBXFrameworksBuildPhase section */
		B9899F582727EBED00029863 /* Frameworks */ = {
			isa = PBXFrameworksBuildPhase;
			buildActionMask = 2147483647;
			files = (
			);
			runOnlyForDeploymentPostprocessing = 0;
		};
/* End PBXFrameworksBuildPhase section */

/* Begin PBXGroup section */
		B94685F1272BF9B800A74DA9 /* Main */ = {
			isa = PBXGroup;
			children = (
				B9899F622727EBED00029863 /* MainViewController.swift */,
				B9AC58272728291C0058C026 /* ViewPresenter.swift */,
				B9899F722727EDAD00029863 /* MainView.swift */,
			);
			path = Main;
			sourceTree = "<group>";
		};
		B94685F2272BF9BE00A74DA9 /* Delegation */ = {
			isa = PBXGroup;
			children = (
				B94685EB272BF91B00A74DA9 /* DelegationViewController.swift */,
				B94685ED272BF96E00A74DA9 /* DelegationView.swift */,
				B94685EF272BF9A300A74DA9 /* DelegationViewPresenter.swift */,
			);
			path = Delegation;
			sourceTree = "<group>";
		};
		B94685F3272BF9CB00A74DA9 /* Scene */ = {
			isa = PBXGroup;
			children = (
			);
			path = Scene;
			sourceTree = "<group>";
		};
		B94685F4272BF9EC00A74DA9 /* Extensions */ = {
			isa = PBXGroup;
			children = (
				B9899F742727F75500029863 /* Extensions+UIView.swift */,
			);
			path = Extensions;
			sourceTree = "<group>";
		};
		B9899F522727EBED00029863 = {
			isa = PBXGroup;
			children = (
				B9899F5D2727EBED00029863 /* MVPByCode */,
				B9899F5C2727EBED00029863 /* Products */,
			);
			sourceTree = "<group>";
		};
		B9899F5C2727EBED00029863 /* Products */ = {
			isa = PBXGroup;
			children = (
				B9899F5B2727EBED00029863 /* MVPByCode.app */,
			);
			name = Products;
			sourceTree = "<group>";
		};
		B9899F5D2727EBED00029863 /* MVPByCode */ = {
			isa = PBXGroup;
			children = (
				B9A6B2042732CE89002E8ADB /* Utilities */,
				B9A6B201273299F6002E8ADB /* Models */,
				B9A6B1F92732979E002E8ADB /* MVPData */,
				B94685F4272BF9EC00A74DA9 /* Extensions */,
				B94685F3272BF9CB00A74DA9 /* Scene */,
				B94685F2272BF9BE00A74DA9 /* Delegation */,
				B94685F1272BF9B800A74DA9 /* Main */,
				B9899F5E2727EBED00029863 /* AppDelegate.swift */,
				B9899F602727EBED00029863 /* SceneDelegate.swift */,
				B9899F672727EBF000029863 /* Assets.xcassets */,
				B9899F692727EBF000029863 /* LaunchScreen.storyboard */,
				B9899F6C2727EBF000029863 /* Info.plist */,
			);
			path = MVPByCode;
			sourceTree = "<group>";
		};
		B9A6B1F92732979E002E8ADB /* MVPData */ = {
			isa = PBXGroup;
			children = (
				B9A6B1FA273297C9002E8ADB /* countries.json */,
			);
			path = MVPData;
			sourceTree = "<group>";
		};
		B9A6B201273299F6002E8ADB /* Models */ = {
			isa = PBXGroup;
			children = (
				B9A6B20227329A05002E8ADB /* Country.swift */,
				B9A6B1FF273299E3002E8ADB /* CountriesStore.swift */,
				B9A6B1FD27329996002E8ADB /* MockMapOperation.swift */,
			);
			path = Models;
			sourceTree = "<group>";
		};
		B9A6B2042732CE89002E8ADB /* Utilities */ = {
			isa = PBXGroup;
			children = (
				B9BCD24E27313603005E8B8E /* CustomTextField.swift */,
			);
			path = Utilities;
			sourceTree = "<group>";
		};
/* End PBXGroup section */

/* Begin PBXNativeTarget section */
		B9899F5A2727EBED00029863 /* MVPByCode */ = {
			isa = PBXNativeTarget;
			buildConfigurationList = B9899F6F2727EBF000029863 /* Build configuration list for PBXNativeTarget "MVPByCode" */;
			buildPhases = (
				B9899F572727EBED00029863 /* Sources */,
				B9899F582727EBED00029863 /* Frameworks */,
				B9899F592727EBED00029863 /* Resources */,
			);
			buildRules = (
			);
			dependencies = (
			);
			name = MVPByCode;
			productName = MVPByCode;
			productReference = B9899F5B2727EBED00029863 /* MVPByCode.app */;
			productType = "com.apple.product-type.application";
		};
/* End PBXNativeTarget section */

/* Begin PBXProject section */
		B9899F532727EBED00029863 /* Project object */ = {
			isa = PBXProject;
			attributes = {
				BuildIndependentTargetsInParallel = 1;
				LastSwiftUpdateCheck = 1300;
				LastUpgradeCheck = 1300;
				TargetAttributes = {
					B9899F5A2727EBED00029863 = {
						CreatedOnToolsVersion = 13.0;
					};
				};
			};
			buildConfigurationList = B9899F562727EBED00029863 /* Build configuration list for PBXProject "MVPByCode" */;
			compatibilityVersion = "Xcode 13.0";
			developmentRegion = en;
			hasScannedForEncodings = 0;
			knownRegions = (
				en,
				Base,
			);
			mainGroup = B9899F522727EBED00029863;
			productRefGroup = B9899F5C2727EBED00029863 /* Products */;
			projectDirPath = "";
			projectRoot = "";
			targets = (
				B9899F5A2727EBED00029863 /* MVPByCode */,
			);
		};
/* End PBXProject section */

/* Begin PBXResourcesBuildPhase section */
		B9899F592727EBED00029863 /* Resources */ = {
			isa = PBXResourcesBuildPhase;
			buildActionMask = 2147483647;
			files = (
				B9A6B1FB273297C9002E8ADB /* countries.json in Resources */,
				B9899F6B2727EBF000029863 /* LaunchScreen.storyboard in Resources */,
				B9899F682727EBF000029863 /* Assets.xcassets in Resources */,
			);
			runOnlyForDeploymentPostprocessing = 0;
		};
/* End PBXResourcesBuildPhase section */

/* Begin PBXSourcesBuildPhase section */
		B9899F572727EBED00029863 /* Sources */ = {
			isa = PBXSourcesBuildPhase;
			buildActionMask = 2147483647;
			files = (
				B9899F632727EBED00029863 /* MainViewController.swift in Sources */,
				B94685F0272BF9A300A74DA9 /* DelegationViewPresenter.swift in Sources */,
				B9899F732727EDAD00029863 /* MainView.swift in Sources */,
				B9899F5F2727EBED00029863 /* AppDelegate.swift in Sources */,
				B9A6B20327329A05002E8ADB /* Country.swift in Sources */,
				B9BCD24F27313603005E8B8E /* CustomTextField.swift in Sources */,
				B94685EC272BF91B00A74DA9 /* DelegationViewController.swift in Sources */,
				B9A6B1FE27329996002E8ADB /* MockMapOperation.swift in Sources */,
				B9AC58282728291C0058C026 /* ViewPresenter.swift in Sources */,
				B9A6B200273299E3002E8ADB /* CountriesStore.swift in Sources */,
				B9899F612727EBED00029863 /* SceneDelegate.swift in Sources */,
				B94685EE272BF96E00A74DA9 /* DelegationView.swift in Sources */,
				B9899F752727F75500029863 /* Extensions+UIView.swift in Sources */,
			);
			runOnlyForDeploymentPostprocessing = 0;
		};
/* End PBXSourcesBuildPhase section */

/* Begin PBXVariantGroup section */
		B9899F692727EBF000029863 /* LaunchScreen.storyboard */ = {
			isa = PBXVariantGroup;
			children = (
				B9899F6A2727EBF000029863 /* Base */,
			);
			name = LaunchScreen.storyboard;
			sourceTree = "<group>";
		};
/* End PBXVariantGroup section */

/* Begin XCBuildConfiguration section */
		B9899F6D2727EBF000029863 /* Debug */ = {
			isa = XCBuildConfiguration;
			buildSettings = {
				ALWAYS_SEARCH_USER_PATHS = NO;
				CLANG_ANALYZER_NONNULL = YES;
				CLANG_ANALYZER_NUMBER_OBJECT_CONVERSION = YES_AGGRESSIVE;
				CLANG_CXX_LANGUAGE_STANDARD = "gnu++17";
				CLANG_CXX_LIBRARY = "libc++";
				CLANG_ENABLE_MODULES = YES;
				CLANG_ENABLE_OBJC_ARC = YES;
				CLANG_ENABLE_OBJC_WEAK = YES;
				CLANG_WARN_BLOCK_CAPTURE_AUTORELEASING = YES;
				CLANG_WARN_BOOL_CONVERSION = YES;
				CLANG_WARN_COMMA = YES;
				CLANG_WARN_CONSTANT_CONVERSION = YES;
				CLANG_WARN_DEPRECATED_OBJC_IMPLEMENTATIONS = YES;
				CLANG_WARN_DIRECT_OBJC_ISA_USAGE = YES_ERROR;
				CLANG_WARN_DOCUMENTATION_COMMENTS = YES;
				CLANG_WARN_EMPTY_BODY = YES;
				CLANG_WARN_ENUM_CONVERSION = YES;
				CLANG_WARN_INFINITE_RECURSION = YES;
				CLANG_WARN_INT_CONVERSION = YES;
				CLANG_WARN_NON_LITERAL_NULL_CONVERSION = YES;
				CLANG_WARN_OBJC_IMPLICIT_RETAIN_SELF = YES;
				CLANG_WARN_OBJC_LITERAL_CONVERSION = YES;
				CLANG_WARN_OBJC_ROOT_CLASS = YES_ERROR;
				CLANG_WARN_QUOTED_INCLUDE_IN_FRAMEWORK_HEADER = YES;
				CLANG_WARN_RANGE_LOOP_ANALYSIS = YES;
				CLANG_WARN_STRICT_PROTOTYPES = YES;
				CLANG_WARN_SUSPICIOUS_MOVE = YES;
				CLANG_WARN_UNGUARDED_AVAILABILITY = YES_AGGRESSIVE;
				CLANG_WARN_UNREACHABLE_CODE = YES;
				CLANG_WARN__DUPLICATE_METHOD_MATCH = YES;
				COPY_PHASE_STRIP = NO;
				DEBUG_INFORMATION_FORMAT = dwarf;
				ENABLE_STRICT_OBJC_MSGSEND = YES;
				ENABLE_TESTABILITY = YES;
				GCC_C_LANGUAGE_STANDARD = gnu11;
				GCC_DYNAMIC_NO_PIC = NO;
				GCC_NO_COMMON_BLOCKS = YES;
				GCC_OPTIMIZATION_LEVEL = 0;
				GCC_PREPROCESSOR_DEFINITIONS = (
					"DEBUG=1",
					"$(inherited)",
				);
				GCC_WARN_64_TO_32_BIT_CONVERSION = YES;
				GCC_WARN_ABOUT_RETURN_TYPE = YES_ERROR;
				GCC_WARN_UNDECLARED_SELECTOR = YES;
				GCC_WARN_UNINITIALIZED_AUTOS = YES_AGGRESSIVE;
				GCC_WARN_UNUSED_FUNCTION = YES;
				GCC_WARN_UNUSED_VARIABLE = YES;
				IPHONEOS_DEPLOYMENT_TARGET = 15.0;
				MTL_ENABLE_DEBUG_INFO = INCLUDE_SOURCE;
				MTL_FAST_MATH = YES;
				ONLY_ACTIVE_ARCH = YES;
				SDKROOT = iphoneos;
				SWIFT_ACTIVE_COMPILATION_CONDITIONS = DEBUG;
				SWIFT_OPTIMIZATION_LEVEL = "-Onone";
			};
			name = Debug;
		};
		B9899F6E2727EBF000029863 /* Release */ = {
			isa = XCBuildConfiguration;
			buildSettings = {
				ALWAYS_SEARCH_USER_PATHS = NO;
				CLANG_ANALYZER_NONNULL = YES;
				CLANG_ANALYZER_NUMBER_OBJECT_CONVERSION = YES_AGGRESSIVE;
				CLANG_CXX_LANGUAGE_STANDARD = "gnu++17";
				CLANG_CXX_LIBRARY = "libc++";
				CLANG_ENABLE_MODULES = YES;
				CLANG_ENABLE_OBJC_ARC = YES;
				CLANG_ENABLE_OBJC_WEAK = YES;
				CLANG_WARN_BLOCK_CAPTURE_AUTORELEASING = YES;
				CLANG_WARN_BOOL_CONVERSION = YES;
				CLANG_WARN_COMMA = YES;
				CLANG_WARN_CONSTANT_CONVERSION = YES;
				CLANG_WARN_DEPRECATED_OBJC_IMPLEMENTATIONS = YES;
				CLANG_WARN_DIRECT_OBJC_ISA_USAGE = YES_ERROR;
				CLANG_WARN_DOCUMENTATION_COMMENTS = YES;
				CLANG_WARN_EMPTY_BODY = YES;
				CLANG_WARN_ENUM_CONVERSION = YES;
				CLANG_WARN_INFINITE_RECURSION = YES;
				CLANG_WARN_INT_CONVERSION = YES;
				CLANG_WARN_NON_LITERAL_NULL_CONVERSION = YES;
				CLANG_WARN_OBJC_IMPLICIT_RETAIN_SELF = YES;
				CLANG_WARN_OBJC_LITERAL_CONVERSION = YES;
				CLANG_WARN_OBJC_ROOT_CLASS = YES_ERROR;
				CLANG_WARN_QUOTED_INCLUDE_IN_FRAMEWORK_HEADER = YES;
				CLANG_WARN_RANGE_LOOP_ANALYSIS = YES;
				CLANG_WARN_STRICT_PROTOTYPES = YES;
				CLANG_WARN_SUSPICIOUS_MOVE = YES;
				CLANG_WARN_UNGUARDED_AVAILABILITY = YES_AGGRESSIVE;
				CLANG_WARN_UNREACHABLE_CODE = YES;
				CLANG_WARN__DUPLICATE_METHOD_MATCH = YES;
				COPY_PHASE_STRIP = NO;
				DEBUG_INFORMATION_FORMAT = "dwarf-with-dsym";
				ENABLE_NS_ASSERTIONS = NO;
				ENABLE_STRICT_OBJC_MSGSEND = YES;
				GCC_C_LANGUAGE_STANDARD = gnu11;
				GCC_NO_COMMON_BLOCKS = YES;
				GCC_WARN_64_TO_32_BIT_CONVERSION = YES;
				GCC_WARN_ABOUT_RETURN_TYPE = YES_ERROR;
				GCC_WARN_UNDECLARED_SELECTOR = YES;
				GCC_WARN_UNINITIALIZED_AUTOS = YES_AGGRESSIVE;
				GCC_WARN_UNUSED_FUNCTION = YES;
				GCC_WARN_UNUSED_VARIABLE = YES;
				IPHONEOS_DEPLOYMENT_TARGET = 15.0;
				MTL_ENABLE_DEBUG_INFO = NO;
				MTL_FAST_MATH = YES;
				SDKROOT = iphoneos;
				SWIFT_COMPILATION_MODE = wholemodule;
				SWIFT_OPTIMIZATION_LEVEL = "-O";
				VALIDATE_PRODUCT = YES;
			};
			name = Release;
		};
		B9899F702727EBF000029863 /* Debug */ = {
			isa = XCBuildConfiguration;
			buildSettings = {
				ASSETCATALOG_COMPILER_APPICON_NAME = AppIcon;
				ASSETCATALOG_COMPILER_GLOBAL_ACCENT_COLOR_NAME = AccentColor;
				CODE_SIGN_IDENTITY = "Apple Development";
				CODE_SIGN_STYLE = Automatic;
				CURRENT_PROJECT_VERSION = 1;
				DEVELOPMENT_TEAM = "";
				GENERATE_INFOPLIST_FILE = YES;
				INFOPLIST_FILE = MVPByCode/Info.plist;
				INFOPLIST_KEY_UIApplicationSupportsIndirectInputEvents = YES;
				INFOPLIST_KEY_UILaunchStoryboardName = LaunchScreen;
				INFOPLIST_KEY_UISupportedInterfaceOrientations_iPad = "UIInterfaceOrientationPortrait UIInterfaceOrientationPortraitUpsideDown UIInterfaceOrientationLandscapeLeft UIInterfaceOrientationLandscapeRight";
				INFOPLIST_KEY_UISupportedInterfaceOrientations_iPhone = "UIInterfaceOrientationPortrait UIInterfaceOrientationLandscapeLeft UIInterfaceOrientationLandscapeRight";
				LD_RUNPATH_SEARCH_PATHS = (
					"$(inherited)",
					"@executable_path/Frameworks",
				);
				MARKETING_VERSION = 1.0;
				PRODUCT_BUNDLE_IDENTIFIER = com.combine.MVPByCode;
				PRODUCT_NAME = "$(TARGET_NAME)";
				PROVISIONING_PROFILE_SPECIFIER = "";
				SWIFT_EMIT_LOC_STRINGS = YES;
				SWIFT_VERSION = 5.0;
				TARGETED_DEVICE_FAMILY = "1,2";
			};
			name = Debug;
		};
		B9899F712727EBF000029863 /* Release */ = {
			isa = XCBuildConfiguration;
			buildSettings = {
				ASSETCATALOG_COMPILER_APPICON_NAME = AppIcon;
				ASSETCATALOG_COMPILER_GLOBAL_ACCENT_COLOR_NAME = AccentColor;
				CODE_SIGN_IDENTITY = "Apple Development";
				CODE_SIGN_STYLE = Automatic;
				CURRENT_PROJECT_VERSION = 1;
				DEVELOPMENT_TEAM = "";
				GENERATE_INFOPLIST_FILE = YES;
				INFOPLIST_FILE = MVPByCode/Info.plist;
				INFOPLIST_KEY_UIApplicationSupportsIndirectInputEvents = YES;
				INFOPLIST_KEY_UILaunchStoryboardName = LaunchScreen;
				INFOPLIST_KEY_UISupportedInterfaceOrientations_iPad = "UIInterfaceOrientationPortrait UIInterfaceOrientationPortraitUpsideDown UIInterfaceOrientationLandscapeLeft UIInterfaceOrientationLandscapeRight";
				INFOPLIST_KEY_UISupportedInterfaceOrientations_iPhone = "UIInterfaceOrientationPortrait UIInterfaceOrientationLandscapeLeft UIInterfaceOrientationLandscapeRight";
				LD_RUNPATH_SEARCH_PATHS = (
					"$(inherited)",
					"@executable_path/Frameworks",
				);
				MARKETING_VERSION = 1.0;
				PRODUCT_BUNDLE_IDENTIFIER = com.combine.MVPByCode;
				PRODUCT_NAME = "$(TARGET_NAME)";
				PROVISIONING_PROFILE_SPECIFIER = "";
				SWIFT_EMIT_LOC_STRINGS = YES;
				SWIFT_VERSION = 5.0;
				TARGETED_DEVICE_FAMILY = "1,2";
			};
			name = Release;
		};
/* End XCBuildConfiguration section */

/* Begin XCConfigurationList section */
		B9899F562727EBED00029863 /* Build configuration list for PBXProject "MVPByCode" */ = {
			isa = XCConfigurationList;
			buildConfigurations = (
				B9899F6D2727EBF000029863 /* Debug */,
				B9899F6E2727EBF000029863 /* Release */,
			);
			defaultConfigurationIsVisible = 0;
			defaultConfigurationName = Release;
		};
		B9899F6F2727EBF000029863 /* Build configuration list for PBXNativeTarget "MVPByCode" */ = {
			isa = XCConfigurationList;
			buildConfigurations = (
				B9899F702727EBF000029863 /* Debug */,
				B9899F712727EBF000029863 /* Release */,
			);
			defaultConfigurationIsVisible = 0;
			defaultConfigurationName = Release;
		};
/* End XCConfigurationList section */
	};
	rootObject = B9899F532727EBED00029863 /* Project object */;
}
